
Microsoft Visual Studio Solution File, Format Version 12.00
# Visual Studio Version 16
VisualStudioVersion = 16.0.29613.14
MinimumVisualStudioVersion = 10.0.40219.1
Project("{9A19103F-16F7-4668-BE54-9A1E7A4F7556}") = "FuzzyLogic", "FuzzyLogic\FuzzyLogic.csproj", "{98979000-BF26-4508-86E0-A9CF8249D5E0}"
EndProject
Project("{9A19103F-16F7-4668-BE54-9A1E7A4F7556}") = "ConsoleApp1", "ConsoleApp1\ConsoleApp1.csproj", "{4B4CF213-A202-45DA-814C-414B2098EC73}"
EndProject
Project("{9A19103F-16F7-4668-BE54-9A1E7A4F7556}") = "Lad.Developers.Rating.Test", "Lad.Developers.Rating.Test\Lad.Developers.Rating.Test.csproj", "{6EA7B294-DA45-4763-827B-D28879D97796}"
EndProject
Project("{FAE04EC0-301F-11D3-BF4B-00C04F79EFBC}") = "FuzzyLogic.Portal", "FuzzyLogic.Portal\FuzzyLogic.Portal.csproj", "{A58BC6D2-F478-4816-828B-7FF9763F3F49}"
EndProject
Project("{E53339B2-1760-4266-BCC7-CA923CBCF16C}") = "docker-compose", "docker-compose.dcproj", "{78F68886-DF37-49B6-B284-B8928064A7C5}"
EndProject
Global
	GlobalSection(SolutionConfigurationPlatforms) = preSolution
		Debug|Any CPU = Debug|Any CPU
		Release|Any CPU = Release|Any CPU
	EndGlobalSection
	GlobalSection(ProjectConfigurationPlatforms) = postSolution
		{98979000-BF26-4508-86E0-A9CF8249D5E0}.Debug|Any CPU.ActiveCfg = Debug|Any CPU
		{98979000-BF26-4508-86E0-A9CF8249D5E0}.Debug|Any CPU.Build.0 = Debug|Any CPU
		{98979000-BF26-4508-86E0-A9CF8249D5E0}.Release|Any CPU.ActiveCfg = Release|Any CPU
		{98979000-BF26-4508-86E0-A9CF8249D5E0}.Release|Any CPU.Build.0 = Release|Any CPU
		{4B4CF213-A202-45DA-814C-414B2098EC73}.Debug|Any CPU.ActiveCfg = Debug|Any CPU
		{4B4CF213-A202-45DA-814C-414B2098EC73}.Debug|Any CPU.Build.0 = Debug|Any CPU
		{4B4CF213-A202-45DA-814C-414B2098EC73}.Release|Any CPU.ActiveCfg = Release|Any CPU
		{4B4CF213-A202-45DA-814C-414B2098EC73}.Release|Any CPU.Build.0 = Release|Any CPU
		{6EA7B294-DA45-4763-827B-D28879D97796}.Debug|Any CPU.ActiveCfg = Debug|Any CPU
		{6EA7B294-DA45-4763-827B-D28879D97796}.Debug|Any CPU.Build.0 = Debug|Any CPU
		{6EA7B294-DA45-4763-827B-D28879D97796}.Release|Any CPU.ActiveCfg = Release|Any CPU
		{6EA7B294-DA45-4763-827B-D28879D97796}.Release|Any CPU.Build.0 = Release|Any CPU
		{A58BC6D2-F478-4816-828B-7FF9763F3F49}.Debug|Any CPU.ActiveCfg = Debug|Any CPU
		{A58BC6D2-F478-4816-828B-7FF9763F3F49}.Debug|Any CPU.Build.0 = Debug|Any CPU
		{A58BC6D2-F478-4816-828B-7FF9763F3F49}.Release|Any CPU.ActiveCfg = Release|Any CPU
		{A58BC6D2-F478-4816-828B-7FF9763F3F49}.Release|Any CPU.Build.0 = Release|Any CPU
		{78F68886-DF37-49B6-B284-B8928064A7C5}.Debug|Any CPU.ActiveCfg = Debug|Any CPU
		{78F68886-DF37-49B6-B284-B8928064A7C5}.Debug|Any CPU.Build.0 = Debug|Any CPU
		{78F68886-DF37-49B6-B284-B8928064A7C5}.Release|Any CPU.ActiveCfg = Release|Any CPU
		{78F68886-DF37-49B6-B284-B8928064A7C5}.Release|Any CPU.Build.0 = Release|Any CPU
	EndGlobalSection
	GlobalSection(SolutionProperties) = preSolution
		HideSolutionNode = FALSE
	EndGlobalSection
	GlobalSection(ExtensibilityGlobals) = postSolution
		SolutionGuid = {1577F74F-641C-4E50-BFAE-1180FB13E4CD}
	EndGlobalSection
EndGlobal
